
Microsoft Visual Studio Solution File, Format Version 12.00
# Visual Studio Version 17
VisualStudioVersion = 17.5.33627.172
MinimumVisualStudioVersion = 10.0.40219.1
Project("{9A19103F-16F7-4668-BE54-9A1E7A4F7556}") = "ProyectoDesarrolloServiciosWeb", "ProyectoDesarrolloServiciosWeb\ProyectoDesarrolloServiciosWeb.csproj", "{CD191414-7FAF-46D8-8823-0B84FCDD4E5A}"
EndProject
Project("{FAE04EC0-301F-11D3-BF4B-00C04F79EFBC}") = "ProyectoDesarrolloServiciosWeb.DataAccess", "ProyectoDesarrolloServiciosWeb.DataAccess\ProyectoDesarrolloServiciosWeb.DataAccess.csproj", "{410653E8-1F20-48B6-8D7F-117CA3D8EED2}"
EndProject
Project("{FAE04EC0-301F-11D3-BF4B-00C04F79EFBC}") = "ProyectoDesarrolloServiciosWeb.Models", "ProyectoDesarrolloServiciosWeb.Models\ProyectoDesarrolloServiciosWeb.Models.csproj", "{4FB44639-7D50-43FB-8F04-68CD3A29BA1D}"
EndProject
Project("{FAE04EC0-301F-11D3-BF4B-00C04F79EFBC}") = "ProyectoDesarrolloServiciosWeb.Utility", "ProyectoDesarrolloServiciosWeb.Utility\ProyectoDesarrolloServiciosWeb.Utility.csproj", "{D2B115FE-FADB-410F-BAA3-4E72E44C1C87}"
EndProject
Global
	GlobalSection(SolutionConfigurationPlatforms) = preSolution
		Debug|Any CPU = Debug|Any CPU
		Release|Any CPU = Release|Any CPU
	EndGlobalSection
	GlobalSection(ProjectConfigurationPlatforms) = postSolution
		{CD191414-7FAF-46D8-8823-0B84FCDD4E5A}.Debug|Any CPU.ActiveCfg = Debug|Any CPU
		{CD191414-7FAF-46D8-8823-0B84FCDD4E5A}.Debug|Any CPU.Build.0 = Debug|Any CPU
		{CD191414-7FAF-46D8-8823-0B84FCDD4E5A}.Release|Any CPU.ActiveCfg = Release|Any CPU
		{CD191414-7FAF-46D8-8823-0B84FCDD4E5A}.Release|Any CPU.Build.0 = Release|Any CPU
		{410653E8-1F20-48B6-8D7F-117CA3D8EED2}.Debug|Any CPU.ActiveCfg = Debug|Any CPU
		{410653E8-1F20-48B6-8D7F-117CA3D8EED2}.Debug|Any CPU.Build.0 = Debug|Any CPU
		{410653E8-1F20-48B6-8D7F-117CA3D8EED2}.Release|Any CPU.ActiveCfg = Release|Any CPU
		{410653E8-1F20-48B6-8D7F-117CA3D8EED2}.Release|Any CPU.Build.0 = Release|Any CPU
		{4FB44639-7D50-43FB-8F04-68CD3A29BA1D}.Debug|Any CPU.ActiveCfg = Debug|Any CPU
		{4FB44639-7D50-43FB-8F04-68CD3A29BA1D}.Debug|Any CPU.Build.0 = Debug|Any CPU
		{4FB44639-7D50-43FB-8F04-68CD3A29BA1D}.Release|Any CPU.ActiveCfg = Release|Any CPU
		{4FB44639-7D50-43FB-8F04-68CD3A29BA1D}.Release|Any CPU.Build.0 = Release|Any CPU
		{D2B115FE-FADB-410F-BAA3-4E72E44C1C87}.Debug|Any CPU.ActiveCfg = Debug|Any CPU
		{D2B115FE-FADB-410F-BAA3-4E72E44C1C87}.Debug|Any CPU.Build.0 = Debug|Any CPU
		{D2B115FE-FADB-410F-BAA3-4E72E44C1C87}.Release|Any CPU.ActiveCfg = Release|Any CPU
		{D2B115FE-FADB-410F-BAA3-4E72E44C1C87}.Release|Any CPU.Build.0 = Release|Any CPU
	EndGlobalSection
	GlobalSection(SolutionProperties) = preSolution
		HideSolutionNode = FALSE
	EndGlobalSection
	GlobalSection(ExtensibilityGlobals) = postSolution
		SolutionGuid = {4ED0F1A7-0F76-4376-A8AA-8E11C82927B2}
	EndGlobalSection
EndGlobal
